
Microsoft Visual Studio Solution File, Format Version 12.00
# Visual Studio 15
VisualStudioVersion = 15.0.26403.7
MinimumVisualStudioVersion = 10.0.40219.1
Project("{FAE04EC0-301F-11D3-BF4B-00C04F79EFBC}") = "SmartNote.Android", "SmartNote\SmartNote.Android\SmartNote.Android.csproj", "{94124335-AB37-46EF-954D-C0E17918F6D0}"
EndProject
Project("{FAE04EC0-301F-11D3-BF4B-00C04F79EFBC}") = "SmartNote", "SmartNote\SmartNote\SmartNote.csproj", "{BC169917-85F4-4AA4-A5C3-FA6DD150D08B}"
EndProject
Project("{FAE04EC0-301F-11D3-BF4B-00C04F79EFBC}") = "SmartNote.UWP", "SmartNote\SmartNote.UWP\SmartNote.UWP.csproj", "{50A16C10-86D0-48EB-97B9-893629FCEECB}"
EndProject
Project("{FAE04EC0-301F-11D3-BF4B-00C04F79EFBC}") = "SmartNote.iOS", "SmartNote\SmartNote.iOS\SmartNote.iOS.csproj", "{10B4C96E-0B24-456E-B476-EB97C3CBD622}"
EndProject
Global
	GlobalSection(SolutionConfigurationPlatforms) = preSolution
		Ad-Hoc|Any CPU = Ad-Hoc|Any CPU
		Ad-Hoc|ARM = Ad-Hoc|ARM
		Ad-Hoc|iPhone = Ad-Hoc|iPhone
		Ad-Hoc|iPhoneSimulator = Ad-Hoc|iPhoneSimulator
		Ad-Hoc|x64 = Ad-Hoc|x64
		Ad-Hoc|x86 = Ad-Hoc|x86
		AppStore|Any CPU = AppStore|Any CPU
		AppStore|ARM = AppStore|ARM
		AppStore|iPhone = AppStore|iPhone
		AppStore|iPhoneSimulator = AppStore|iPhoneSimulator
		AppStore|x64 = AppStore|x64
		AppStore|x86 = AppStore|x86
		Debug|Any CPU = Debug|Any CPU
		Debug|ARM = Debug|ARM
		Debug|iPhone = Debug|iPhone
		Debug|iPhoneSimulator = Debug|iPhoneSimulator
		Debug|x64 = Debug|x64
		Debug|x86 = Debug|x86
		Release|Any CPU = Release|Any CPU
		Release|ARM = Release|ARM
		Release|iPhone = Release|iPhone
		Release|iPhoneSimulator = Release|iPhoneSimulator
		Release|x64 = Release|x64
		Release|x86 = Release|x86
	EndGlobalSection
	GlobalSection(ProjectConfigurationPlatforms) = postSolution
		{94124335-AB37-46EF-954D-C0E17918F6D0}.Ad-Hoc|Any CPU.ActiveCfg = Release|Any CPU
		{94124335-AB37-46EF-954D-C0E17918F6D0}.Ad-Hoc|Any CPU.Build.0 = Release|Any CPU
		{94124335-AB37-46EF-954D-C0E17918F6D0}.Ad-Hoc|Any CPU.Deploy.0 = Release|Any CPU
		{94124335-AB37-46EF-954D-C0E17918F6D0}.Ad-Hoc|ARM.ActiveCfg = Release|Any CPU
		{94124335-AB37-46EF-954D-C0E17918F6D0}.Ad-Hoc|ARM.Build.0 = Release|Any CPU
		{94124335-AB37-46EF-954D-C0E17918F6D0}.Ad-Hoc|ARM.Deploy.0 = Release|Any CPU
		{94124335-AB37-46EF-954D-C0E17918F6D0}.Ad-Hoc|iPhone.ActiveCfg = Release|Any CPU
		{94124335-AB37-46EF-954D-C0E17918F6D0}.Ad-Hoc|iPhone.Build.0 = Release|Any CPU
		{94124335-AB37-46EF-954D-C0E17918F6D0}.Ad-Hoc|iPhone.Deploy.0 = Release|Any CPU
		{94124335-AB37-46EF-954D-C0E17918F6D0}.Ad-Hoc|iPhoneSimulator.ActiveCfg = Release|Any CPU
		{94124335-AB37-46EF-954D-C0E17918F6D0}.Ad-Hoc|iPhoneSimulator.Build.0 = Release|Any CPU
		{94124335-AB37-46EF-954D-C0E17918F6D0}.Ad-Hoc|iPhoneSimulator.Deploy.0 = Release|Any CPU
		{94124335-AB37-46EF-954D-C0E17918F6D0}.Ad-Hoc|x64.ActiveCfg = Release|Any CPU
		{94124335-AB37-46EF-954D-C0E17918F6D0}.Ad-Hoc|x64.Build.0 = Release|Any CPU
		{94124335-AB37-46EF-954D-C0E17918F6D0}.Ad-Hoc|x64.Deploy.0 = Release|Any CPU
		{94124335-AB37-46EF-954D-C0E17918F6D0}.Ad-Hoc|x86.ActiveCfg = Release|Any CPU
		{94124335-AB37-46EF-954D-C0E17918F6D0}.Ad-Hoc|x86.Build.0 = Release|Any CPU
		{94124335-AB37-46EF-954D-C0E17918F6D0}.Ad-Hoc|x86.Deploy.0 = Release|Any CPU
		{94124335-AB37-46EF-954D-C0E17918F6D0}.AppStore|Any CPU.ActiveCfg = Release|Any CPU
		{94124335-AB37-46EF-954D-C0E17918F6D0}.AppStore|Any CPU.Build.0 = Release|Any CPU
		{94124335-AB37-46EF-954D-C0E17918F6D0}.AppStore|Any CPU.Deploy.0 = Release|Any CPU
		{94124335-AB37-46EF-954D-C0E17918F6D0}.AppStore|ARM.ActiveCfg = Release|Any CPU
		{94124335-AB37-46EF-954D-C0E17918F6D0}.AppStore|ARM.Build.0 = Release|Any CPU
		{94124335-AB37-46EF-954D-C0E17918F6D0}.AppStore|ARM.Deploy.0 = Release|Any CPU
		{94124335-AB37-46EF-954D-C0E17918F6D0}.AppStore|iPhone.ActiveCfg = Release|Any CPU
		{94124335-AB37-46EF-954D-C0E17918F6D0}.AppStore|iPhone.Build.0 = Release|Any CPU
		{94124335-AB37-46EF-954D-C0E17918F6D0}.AppStore|iPhone.Deploy.0 = Release|Any CPU
		{94124335-AB37-46EF-954D-C0E17918F6D0}.AppStore|iPhoneSimulator.ActiveCfg = Release|Any CPU
		{94124335-AB37-46EF-954D-C0E17918F6D0}.AppStore|iPhoneSimulator.Build.0 = Release|Any CPU
		{94124335-AB37-46EF-954D-C0E17918F6D0}.AppStore|iPhoneSimulator.Deploy.0 = Release|Any CPU
		{94124335-AB37-46EF-954D-C0E17918F6D0}.AppStore|x64.ActiveCfg = Release|Any CPU
		{94124335-AB37-46EF-954D-C0E17918F6D0}.AppStore|x64.Build.0 = Release|Any CPU
		{94124335-AB37-46EF-954D-C0E17918F6D0}.AppStore|x64.Deploy.0 = Release|Any CPU
		{94124335-AB37-46EF-954D-C0E17918F6D0}.AppStore|x86.ActiveCfg = Release|Any CPU
		{94124335-AB37-46EF-954D-C0E17918F6D0}.AppStore|x86.Build.0 = Release|Any CPU
		{94124335-AB37-46EF-954D-C0E17918F6D0}.AppStore|x86.Deploy.0 = Release|Any CPU
		{94124335-AB37-46EF-954D-C0E17918F6D0}.Debug|Any CPU.ActiveCfg = Debug|Any CPU
		{94124335-AB37-46EF-954D-C0E17918F6D0}.Debug|Any CPU.Build.0 = Debug|Any CPU
		{94124335-AB37-46EF-954D-C0E17918F6D0}.Debug|Any CPU.Deploy.0 = Debug|Any CPU
		{94124335-AB37-46EF-954D-C0E17918F6D0}.Debug|ARM.ActiveCfg = Debug|Any CPU
		{94124335-AB37-46EF-954D-C0E17918F6D0}.Debug|ARM.Build.0 = Debug|Any CPU
		{94124335-AB37-46EF-954D-C0E17918F6D0}.Debug|ARM.Deploy.0 = Debug|Any CPU
		{94124335-AB37-46EF-954D-C0E17918F6D0}.Debug|iPhone.ActiveCfg = Debug|Any CPU
		{94124335-AB37-46EF-954D-C0E17918F6D0}.Debug|iPhone.Build.0 = Debug|Any CPU
		{94124335-AB37-46EF-954D-C0E17918F6D0}.Debug|iPhone.Deploy.0 = Debug|Any CPU
		{94124335-AB37-46EF-954D-C0E17918F6D0}.Debug|iPhoneSimulator.ActiveCfg = Debug|Any CPU
		{94124335-AB37-46EF-954D-C0E17918F6D0}.Debug|iPhoneSimulator.Build.0 = Debug|Any CPU
		{94124335-AB37-46EF-954D-C0E17918F6D0}.Debug|iPhoneSimulator.Deploy.0 = Debug|Any CPU
		{94124335-AB37-46EF-954D-C0E17918F6D0}.Debug|x64.ActiveCfg = Debug|Any CPU
		{94124335-AB37-46EF-954D-C0E17918F6D0}.Debug|x64.Build.0 = Debug|Any CPU
		{94124335-AB37-46EF-954D-C0E17918F6D0}.Debug|x64.Deploy.0 = Debug|Any CPU
		{94124335-AB37-46EF-954D-C0E17918F6D0}.Debug|x86.ActiveCfg = Debug|Any CPU
		{94124335-AB37-46EF-954D-C0E17918F6D0}.Debug|x86.Build.0 = Debug|Any CPU
		{94124335-AB37-46EF-954D-C0E17918F6D0}.Debug|x86.Deploy.0 = Debug|Any CPU
		{94124335-AB37-46EF-954D-C0E17918F6D0}.Release|Any CPU.ActiveCfg = Release|Any CPU
		{94124335-AB37-46EF-954D-C0E17918F6D0}.Release|Any CPU.Build.0 = Release|Any CPU
		{94124335-AB37-46EF-954D-C0E17918F6D0}.Release|Any CPU.Deploy.0 = Release|Any CPU
		{94124335-AB37-46EF-954D-C0E17918F6D0}.Release|ARM.ActiveCfg = Release|Any CPU
		{94124335-AB37-46EF-954D-C0E17918F6D0}.Release|ARM.Build.0 = Release|Any CPU
		{94124335-AB37-46EF-954D-C0E17918F6D0}.Release|ARM.Deploy.0 = Release|Any CPU
		{94124335-AB37-46EF-954D-C0E17918F6D0}.Release|iPhone.ActiveCfg = Release|Any CPU
		{94124335-AB37-46EF-954D-C0E17918F6D0}.Release|iPhone.Build.0 = Release|Any CPU
		{94124335-AB37-46EF-954D-C0E17918F6D0}.Release|iPhone.Deploy.0 = Release|Any CPU
		{94124335-AB37-46EF-954D-C0E17918F6D0}.Release|iPhoneSimulator.ActiveCfg = Release|Any CPU
		{94124335-AB37-46EF-954D-C0E17918F6D0}.Release|iPhoneSimulator.Build.0 = Release|Any CPU
		{94124335-AB37-46EF-954D-C0E17918F6D0}.Release|iPhoneSimulator.Deploy.0 = Release|Any CPU
		{94124335-AB37-46EF-954D-C0E17918F6D0}.Release|x64.ActiveCfg = Release|Any CPU
		{94124335-AB37-46EF-954D-C0E17918F6D0}.Release|x64.Build.0 = Release|Any CPU
		{94124335-AB37-46EF-954D-C0E17918F6D0}.Release|x64.Deploy.0 = Release|Any CPU
		{94124335-AB37-46EF-954D-C0E17918F6D0}.Release|x86.ActiveCfg = Release|Any CPU
		{94124335-AB37-46EF-954D-C0E17918F6D0}.Release|x86.Build.0 = Release|Any CPU
		{94124335-AB37-46EF-954D-C0E17918F6D0}.Release|x86.Deploy.0 = Release|Any CPU
		{BC169917-85F4-4AA4-A5C3-FA6DD150D08B}.Ad-Hoc|Any CPU.ActiveCfg = Release|Any CPU
		{BC169917-85F4-4AA4-A5C3-FA6DD150D08B}.Ad-Hoc|Any CPU.Build.0 = Release|Any CPU
		{BC169917-85F4-4AA4-A5C3-FA6DD150D08B}.Ad-Hoc|ARM.ActiveCfg = Release|Any CPU
		{BC169917-85F4-4AA4-A5C3-FA6DD150D08B}.Ad-Hoc|ARM.Build.0 = Release|Any CPU
		{BC169917-85F4-4AA4-A5C3-FA6DD150D08B}.Ad-Hoc|iPhone.ActiveCfg = Release|Any CPU
		{BC169917-85F4-4AA4-A5C3-FA6DD150D08B}.Ad-Hoc|iPhone.Build.0 = Release|Any CPU
		{BC169917-85F4-4AA4-A5C3-FA6DD150D08B}.Ad-Hoc|iPhoneSimulator.ActiveCfg = Release|Any CPU
		{BC169917-85F4-4AA4-A5C3-FA6DD150D08B}.Ad-Hoc|iPhoneSimulator.Build.0 = Release|Any CPU
		{BC169917-85F4-4AA4-A5C3-FA6DD150D08B}.Ad-Hoc|x64.ActiveCfg = Release|Any CPU
		{BC169917-85F4-4AA4-A5C3-FA6DD150D08B}.Ad-Hoc|x64.Build.0 = Release|Any CPU
		{BC169917-85F4-4AA4-A5C3-FA6DD150D08B}.Ad-Hoc|x86.ActiveCfg = Release|Any CPU
		{BC169917-85F4-4AA4-A5C3-FA6DD150D08B}.Ad-Hoc|x86.Build.0 = Release|Any CPU
		{BC169917-85F4-4AA4-A5C3-FA6DD150D08B}.AppStore|Any CPU.ActiveCfg = Release|Any CPU
		{BC169917-85F4-4AA4-A5C3-FA6DD150D08B}.AppStore|Any CPU.Build.0 = Release|Any CPU
		{BC169917-85F4-4AA4-A5C3-FA6DD150D08B}.AppStore|ARM.ActiveCfg = Release|Any CPU
		{BC169917-85F4-4AA4-A5C3-FA6DD150D08B}.AppStore|ARM.Build.0 = Release|Any CPU
		{BC169917-85F4-4AA4-A5C3-FA6DD150D08B}.AppStore|iPhone.ActiveCfg = Release|Any CPU
		{BC169917-85F4-4AA4-A5C3-FA6DD150D08B}.AppStore|iPhone.Build.0 = Release|Any CPU
		{BC169917-85F4-4AA4-A5C3-FA6DD150D08B}.AppStore|iPhoneSimulator.ActiveCfg = Release|Any CPU
		{BC169917-85F4-4AA4-A5C3-FA6DD150D08B}.AppStore|iPhoneSimulator.Build.0 = Release|Any CPU
		{BC169917-85F4-4AA4-A5C3-FA6DD150D08B}.AppStore|x64.ActiveCfg = Release|Any CPU
		{BC169917-85F4-4AA4-A5C3-FA6DD150D08B}.AppStore|x64.Build.0 = Release|Any CPU
		{BC169917-85F4-4AA4-A5C3-FA6DD150D08B}.AppStore|x86.ActiveCfg = Release|Any CPU
		{BC169917-85F4-4AA4-A5C3-FA6DD150D08B}.AppStore|x86.Build.0 = Release|Any CPU
		{BC169917-85F4-4AA4-A5C3-FA6DD150D08B}.Debug|Any CPU.ActiveCfg = Debug|Any CPU
		{BC169917-85F4-4AA4-A5C3-FA6DD150D08B}.Debug|Any CPU.Build.0 = Debug|Any CPU
		{BC169917-85F4-4AA4-A5C3-FA6DD150D08B}.Debug|ARM.ActiveCfg = Debug|Any CPU
		{BC169917-85F4-4AA4-A5C3-FA6DD150D08B}.Debug|ARM.Build.0 = Debug|Any CPU
		{BC169917-85F4-4AA4-A5C3-FA6DD150D08B}.Debug|iPhone.ActiveCfg = Debug|Any CPU
		{BC169917-85F4-4AA4-A5C3-FA6DD150D08B}.Debug|iPhone.Build.0 = Debug|Any CPU
		{BC169917-85F4-4AA4-A5C3-FA6DD150D08B}.Debug|iPhoneSimulator.ActiveCfg = Debug|Any CPU
		{BC169917-85F4-4AA4-A5C3-FA6DD150D08B}.Debug|iPhoneSimulator.Build.0 = Debug|Any CPU
		{BC169917-85F4-4AA4-A5C3-FA6DD150D08B}.Debug|x64.ActiveCfg = Debug|Any CPU
		{BC169917-85F4-4AA4-A5C3-FA6DD150D08B}.Debug|x64.Build.0 = Debug|Any CPU
		{BC169917-85F4-4AA4-A5C3-FA6DD150D08B}.Debug|x86.ActiveCfg = Debug|Any CPU
		{BC169917-85F4-4AA4-A5C3-FA6DD150D08B}.Debug|x86.Build.0 = Debug|Any CPU
		{BC169917-85F4-4AA4-A5C3-FA6DD150D08B}.Release|Any CPU.ActiveCfg = Release|Any CPU
		{BC169917-85F4-4AA4-A5C3-FA6DD150D08B}.Release|Any CPU.Build.0 = Release|Any CPU
		{BC169917-85F4-4AA4-A5C3-FA6DD150D08B}.Release|ARM.ActiveCfg = Release|Any CPU
		{BC169917-85F4-4AA4-A5C3-FA6DD150D08B}.Release|ARM.Build.0 = Release|Any CPU
		{BC169917-85F4-4AA4-A5C3-FA6DD150D08B}.Release|iPhone.ActiveCfg = Release|Any CPU
		{BC169917-85F4-4AA4-A5C3-FA6DD150D08B}.Release|iPhone.Build.0 = Release|Any CPU
		{BC169917-85F4-4AA4-A5C3-FA6DD150D08B}.Release|iPhoneSimulator.ActiveCfg = Release|Any CPU
		{BC169917-85F4-4AA4-A5C3-FA6DD150D08B}.Release|iPhoneSimulator.Build.0 = Release|Any CPU
		{BC169917-85F4-4AA4-A5C3-FA6DD150D08B}.Release|x64.ActiveCfg = Release|Any CPU
		{BC169917-85F4-4AA4-A5C3-FA6DD150D08B}.Release|x64.Build.0 = Release|Any CPU
		{BC169917-85F4-4AA4-A5C3-FA6DD150D08B}.Release|x86.ActiveCfg = Release|Any CPU
		{BC169917-85F4-4AA4-A5C3-FA6DD150D08B}.Release|x86.Build.0 = Release|Any CPU
		{50A16C10-86D0-48EB-97B9-893629FCEECB}.Ad-Hoc|Any CPU.ActiveCfg = Release|x86
		{50A16C10-86D0-48EB-97B9-893629FCEECB}.Ad-Hoc|Any CPU.Build.0 = Release|x86
		{50A16C10-86D0-48EB-97B9-893629FCEECB}.Ad-Hoc|Any CPU.Deploy.0 = Release|x86
		{50A16C10-86D0-48EB-97B9-893629FCEECB}.Ad-Hoc|ARM.ActiveCfg = Release|ARM
		{50A16C10-86D0-48EB-97B9-893629FCEECB}.Ad-Hoc|ARM.Build.0 = Release|ARM
		{50A16C10-86D0-48EB-97B9-893629FCEECB}.Ad-Hoc|ARM.Deploy.0 = Release|ARM
		{50A16C10-86D0-48EB-97B9-893629FCEECB}.Ad-Hoc|iPhone.ActiveCfg = Release|x86
		{50A16C10-86D0-48EB-97B9-893629FCEECB}.Ad-Hoc|iPhone.Build.0 = Release|x86
		{50A16C10-86D0-48EB-97B9-893629FCEECB}.Ad-Hoc|iPhone.Deploy.0 = Release|x86
		{50A16C10-86D0-48EB-97B9-893629FCEECB}.Ad-Hoc|iPhoneSimulator.ActiveCfg = Release|x86
		{50A16C10-86D0-48EB-97B9-893629FCEECB}.Ad-Hoc|iPhoneSimulator.Build.0 = Release|x86
		{50A16C10-86D0-48EB-97B9-893629FCEECB}.Ad-Hoc|iPhoneSimulator.Deploy.0 = Release|x86
		{50A16C10-86D0-48EB-97B9-893629FCEECB}.Ad-Hoc|x64.ActiveCfg = Release|x64
		{50A16C10-86D0-48EB-97B9-893629FCEECB}.Ad-Hoc|x64.Build.0 = Release|x64
		{50A16C10-86D0-48EB-97B9-893629FCEECB}.Ad-Hoc|x64.Deploy.0 = Release|x64
		{50A16C10-86D0-48EB-97B9-893629FCEECB}.Ad-Hoc|x86.ActiveCfg = Release|x86
		{50A16C10-86D0-48EB-97B9-893629FCEECB}.Ad-Hoc|x86.Build.0 = Release|x86
		{50A16C10-86D0-48EB-97B9-893629FCEECB}.Ad-Hoc|x86.Deploy.0 = Release|x86
		{50A16C10-86D0-48EB-97B9-893629FCEECB}.AppStore|Any CPU.ActiveCfg = Release|x86
		{50A16C10-86D0-48EB-97B9-893629FCEECB}.AppStore|Any CPU.Build.0 = Release|x86
		{50A16C10-86D0-48EB-97B9-893629FCEECB}.AppStore|Any CPU.Deploy.0 = Release|x86
		{50A16C10-86D0-48EB-97B9-893629FCEECB}.AppStore|ARM.ActiveCfg = Release|ARM
		{50A16C10-86D0-48EB-97B9-893629FCEECB}.AppStore|ARM.Build.0 = Release|ARM
		{50A16C10-86D0-48EB-97B9-893629FCEECB}.AppStore|ARM.Deploy.0 = Release|ARM
		{50A16C10-86D0-48EB-97B9-893629FCEECB}.AppStore|iPhone.ActiveCfg = Release|x86
		{50A16C10-86D0-48EB-97B9-893629FCEECB}.AppStore|iPhone.Build.0 = Release|x86
		{50A16C10-86D0-48EB-97B9-893629FCEECB}.AppStore|iPhone.Deploy.0 = Release|x86
		{50A16C10-86D0-48EB-97B9-893629FCEECB}.AppStore|iPhoneSimulator.ActiveCfg = Release|x86
		{50A16C10-86D0-48EB-97B9-893629FCEECB}.AppStore|iPhoneSimulator.Build.0 = Release|x86
		{50A16C10-86D0-48EB-97B9-893629FCEECB}.AppStore|iPhoneSimulator.Deploy.0 = Release|x86
		{50A16C10-86D0-48EB-97B9-893629FCEECB}.AppStore|x64.ActiveCfg = Release|x64
		{50A16C10-86D0-48EB-97B9-893629FCEECB}.AppStore|x64.Build.0 = Release|x64
		{50A16C10-86D0-48EB-97B9-893629FCEECB}.AppStore|x64.Deploy.0 = Release|x64
		{50A16C10-86D0-48EB-97B9-893629FCEECB}.AppStore|x86.ActiveCfg = Release|x86
		{50A16C10-86D0-48EB-97B9-893629FCEECB}.AppStore|x86.Build.0 = Release|x86
		{50A16C10-86D0-48EB-97B9-893629FCEECB}.AppStore|x86.Deploy.0 = Release|x86
		{50A16C10-86D0-48EB-97B9-893629FCEECB}.Debug|Any CPU.ActiveCfg = Debug|x86
		{50A16C10-86D0-48EB-97B9-893629FCEECB}.Debug|ARM.ActiveCfg = Debug|ARM
		{50A16C10-86D0-48EB-97B9-893629FCEECB}.Debug|ARM.Build.0 = Debug|ARM
		{50A16C10-86D0-48EB-97B9-893629FCEECB}.Debug|ARM.Deploy.0 = Debug|ARM
		{50A16C10-86D0-48EB-97B9-893629FCEECB}.Debug|iPhone.ActiveCfg = Debug|x86
		{50A16C10-86D0-48EB-97B9-893629FCEECB}.Debug|iPhoneSimulator.ActiveCfg = Debug|x86
		{50A16C10-86D0-48EB-97B9-893629FCEECB}.Debug|x64.ActiveCfg = Debug|x64
		{50A16C10-86D0-48EB-97B9-893629FCEECB}.Debug|x64.Build.0 = Debug|x64
		{50A16C10-86D0-48EB-97B9-893629FCEECB}.Debug|x64.Deploy.0 = Debug|x64
		{50A16C10-86D0-48EB-97B9-893629FCEECB}.Debug|x86.ActiveCfg = Debug|x86
		{50A16C10-86D0-48EB-97B9-893629FCEECB}.Debug|x86.Build.0 = Debug|x86
		{50A16C10-86D0-48EB-97B9-893629FCEECB}.Debug|x86.Deploy.0 = Debug|x86
		{50A16C10-86D0-48EB-97B9-893629FCEECB}.Release|Any CPU.ActiveCfg = Release|x86
		{50A16C10-86D0-48EB-97B9-893629FCEECB}.Release|ARM.ActiveCfg = Release|ARM
		{50A16C10-86D0-48EB-97B9-893629FCEECB}.Release|ARM.Build.0 = Release|ARM
		{50A16C10-86D0-48EB-97B9-893629FCEECB}.Release|ARM.Deploy.0 = Release|ARM
		{50A16C10-86D0-48EB-97B9-893629FCEECB}.Release|iPhone.ActiveCfg = Release|x86
		{50A16C10-86D0-48EB-97B9-893629FCEECB}.Release|iPhoneSimulator.ActiveCfg = Release|x86
		{50A16C10-86D0-48EB-97B9-893629FCEECB}.Release|x64.ActiveCfg = Release|x64
		{50A16C10-86D0-48EB-97B9-893629FCEECB}.Release|x64.Build.0 = Release|x64
		{50A16C10-86D0-48EB-97B9-893629FCEECB}.Release|x64.Deploy.0 = Release|x64
		{50A16C10-86D0-48EB-97B9-893629FCEECB}.Release|x86.ActiveCfg = Release|x86
		{50A16C10-86D0-48EB-97B9-893629FCEECB}.Release|x86.Build.0 = Release|x86
		{50A16C10-86D0-48EB-97B9-893629FCEECB}.Release|x86.Deploy.0 = Release|x86
		{10B4C96E-0B24-456E-B476-EB97C3CBD622}.Ad-Hoc|Any CPU.ActiveCfg = Ad-Hoc|iPhone
		{10B4C96E-0B24-456E-B476-EB97C3CBD622}.Ad-Hoc|ARM.ActiveCfg = Ad-Hoc|iPhone
		{10B4C96E-0B24-456E-B476-EB97C3CBD622}.Ad-Hoc|iPhone.ActiveCfg = Ad-Hoc|iPhone
		{10B4C96E-0B24-456E-B476-EB97C3CBD622}.Ad-Hoc|iPhone.Build.0 = Ad-Hoc|iPhone
		{10B4C96E-0B24-456E-B476-EB97C3CBD622}.Ad-Hoc|iPhoneSimulator.ActiveCfg = Ad-Hoc|iPhoneSimulator
		{10B4C96E-0B24-456E-B476-EB97C3CBD622}.Ad-Hoc|iPhoneSimulator.Build.0 = Ad-Hoc|iPhoneSimulator
		{10B4C96E-0B24-456E-B476-EB97C3CBD622}.Ad-Hoc|x64.ActiveCfg = Ad-Hoc|iPhone
		{10B4C96E-0B24-456E-B476-EB97C3CBD622}.Ad-Hoc|x86.ActiveCfg = Ad-Hoc|iPhone
		{10B4C96E-0B24-456E-B476-EB97C3CBD622}.AppStore|Any CPU.ActiveCfg = AppStore|iPhone
		{10B4C96E-0B24-456E-B476-EB97C3CBD622}.AppStore|ARM.ActiveCfg = AppStore|iPhone
		{10B4C96E-0B24-456E-B476-EB97C3CBD622}.AppStore|iPhone.ActiveCfg = AppStore|iPhone
		{10B4C96E-0B24-456E-B476-EB97C3CBD622}.AppStore|iPhone.Build.0 = AppStore|iPhone
		{10B4C96E-0B24-456E-B476-EB97C3CBD622}.AppStore|iPhoneSimulator.ActiveCfg = AppStore|iPhoneSimulator
		{10B4C96E-0B24-456E-B476-EB97C3CBD622}.AppStore|iPhoneSimulator.Build.0 = AppStore|iPhoneSimulator
		{10B4C96E-0B24-456E-B476-EB97C3CBD622}.AppStore|x64.ActiveCfg = AppStore|iPhone
		{10B4C96E-0B24-456E-B476-EB97C3CBD622}.AppStore|x86.ActiveCfg = AppStore|iPhone
		{10B4C96E-0B24-456E-B476-EB97C3CBD622}.Debug|Any CPU.ActiveCfg = Debug|iPhone
		{10B4C96E-0B24-456E-B476-EB97C3CBD622}.Debug|ARM.ActiveCfg = Debug|iPhone
		{10B4C96E-0B24-456E-B476-EB97C3CBD622}.Debug|iPhone.ActiveCfg = Debug|iPhone
		{10B4C96E-0B24-456E-B476-EB97C3CBD622}.Debug|iPhone.Build.0 = Debug|iPhone
		{10B4C96E-0B24-456E-B476-EB97C3CBD622}.Debug|iPhoneSimulator.ActiveCfg = Debug|iPhoneSimulator
		{10B4C96E-0B24-456E-B476-EB97C3CBD622}.Debug|iPhoneSimulator.Build.0 = Debug|iPhoneSimulator
		{10B4C96E-0B24-456E-B476-EB97C3CBD622}.Debug|x64.ActiveCfg = Debug|iPhone
		{10B4C96E-0B24-456E-B476-EB97C3CBD622}.Debug|x86.ActiveCfg = Debug|iPhone
		{10B4C96E-0B24-456E-B476-EB97C3CBD622}.Release|Any CPU.ActiveCfg = Release|iPhone
		{10B4C96E-0B24-456E-B476-EB97C3CBD622}.Release|ARM.ActiveCfg = Release|iPhone
		{10B4C96E-0B24-456E-B476-EB97C3CBD622}.Release|iPhone.ActiveCfg = Release|iPhone
		{10B4C96E-0B24-456E-B476-EB97C3CBD622}.Release|iPhone.Build.0 = Release|iPhone
		{10B4C96E-0B24-456E-B476-EB97C3CBD622}.Release|iPhoneSimulator.ActiveCfg = Release|iPhoneSimulator
		{10B4C96E-0B24-456E-B476-EB97C3CBD622}.Release|iPhoneSimulator.Build.0 = Release|iPhoneSimulator
		{10B4C96E-0B24-456E-B476-EB97C3CBD622}.Release|x64.ActiveCfg = Release|iPhone
		{10B4C96E-0B24-456E-B476-EB97C3CBD622}.Release|x86.ActiveCfg = Release|iPhone
	EndGlobalSection
	GlobalSection(SolutionProperties) = preSolution
		HideSolutionNode = FALSE
	EndGlobalSection
EndGlobal
