
Microsoft Visual Studio Solution File, Format Version 12.00
# Visual Studio 14
VisualStudioVersion = 14.0.25420.1
MinimumVisualStudioVersion = 10.0.40219.1
Project("{D954291E-2A0B-460D-934E-DC6B0785DB48}") = "SmartNote", "SmartNote\SmartNote\SmartNote.shproj", "{DE17C7C9-0B70-41B6-8873-9A79559F9302}"
EndProject
Project("{FAE04EC0-301F-11D3-BF4B-00C04F79EFBC}") = "SmartNote.Android", "SmartNote\SmartNote.Android\SmartNote.Android.csproj", "{B1B4A9E5-9882-4593-B196-731C56659A61}"
EndProject
Project("{FAE04EC0-301F-11D3-BF4B-00C04F79EFBC}") = "SmartNote.iOS", "SmartNote\SmartNote.iOS\SmartNote.iOS.csproj", "{E914EB4D-9ABA-43CF-81DE-0A74819CA9AE}"
EndProject
Project("{FAE04EC0-301F-11D3-BF4B-00C04F79EFBC}") = "SmartNote.UWP", "SmartNote\SmartNote.UWP\SmartNote.UWP.csproj", "{8D84EE0B-9806-4999-A636-78F37787ABDB}"
EndProject
Global
	GlobalSection(SharedMSBuildProjectFiles) = preSolution
		SmartNote\SmartNote\SmartNote.projitems*{8d84ee0b-9806-4999-a636-78f37787abdb}*SharedItemsImports = 4
		SmartNote\SmartNote\SmartNote.projitems*{b1b4a9e5-9882-4593-b196-731c56659a61}*SharedItemsImports = 4
		SmartNote\SmartNote\SmartNote.projitems*{de17c7c9-0b70-41b6-8873-9a79559f9302}*SharedItemsImports = 13
		SmartNote\SmartNote\SmartNote.projitems*{e914eb4d-9aba-43cf-81de-0a74819ca9ae}*SharedItemsImports = 4
	EndGlobalSection
	GlobalSection(SolutionConfigurationPlatforms) = preSolution
		Ad-Hoc|Any CPU = Ad-Hoc|Any CPU
		Ad-Hoc|ARM = Ad-Hoc|ARM
		Ad-Hoc|iPhone = Ad-Hoc|iPhone
		Ad-Hoc|iPhoneSimulator = Ad-Hoc|iPhoneSimulator
		Ad-Hoc|x64 = Ad-Hoc|x64
		Ad-Hoc|x86 = Ad-Hoc|x86
		AppStore|Any CPU = AppStore|Any CPU
		AppStore|ARM = AppStore|ARM
		AppStore|iPhone = AppStore|iPhone
		AppStore|iPhoneSimulator = AppStore|iPhoneSimulator
		AppStore|x64 = AppStore|x64
		AppStore|x86 = AppStore|x86
		Debug|Any CPU = Debug|Any CPU
		Debug|ARM = Debug|ARM
		Debug|iPhone = Debug|iPhone
		Debug|iPhoneSimulator = Debug|iPhoneSimulator
		Debug|x64 = Debug|x64
		Debug|x86 = Debug|x86
		Release|Any CPU = Release|Any CPU
		Release|ARM = Release|ARM
		Release|iPhone = Release|iPhone
		Release|iPhoneSimulator = Release|iPhoneSimulator
		Release|x64 = Release|x64
		Release|x86 = Release|x86
	EndGlobalSection
	GlobalSection(ProjectConfigurationPlatforms) = postSolution
		{B1B4A9E5-9882-4593-B196-731C56659A61}.Ad-Hoc|Any CPU.ActiveCfg = Release|Any CPU
		{B1B4A9E5-9882-4593-B196-731C56659A61}.Ad-Hoc|Any CPU.Build.0 = Release|Any CPU
		{B1B4A9E5-9882-4593-B196-731C56659A61}.Ad-Hoc|Any CPU.Deploy.0 = Release|Any CPU
		{B1B4A9E5-9882-4593-B196-731C56659A61}.Ad-Hoc|ARM.ActiveCfg = Release|Any CPU
		{B1B4A9E5-9882-4593-B196-731C56659A61}.Ad-Hoc|ARM.Build.0 = Release|Any CPU
		{B1B4A9E5-9882-4593-B196-731C56659A61}.Ad-Hoc|ARM.Deploy.0 = Release|Any CPU
		{B1B4A9E5-9882-4593-B196-731C56659A61}.Ad-Hoc|iPhone.ActiveCfg = Release|Any CPU
		{B1B4A9E5-9882-4593-B196-731C56659A61}.Ad-Hoc|iPhone.Build.0 = Release|Any CPU
		{B1B4A9E5-9882-4593-B196-731C56659A61}.Ad-Hoc|iPhone.Deploy.0 = Release|Any CPU
		{B1B4A9E5-9882-4593-B196-731C56659A61}.Ad-Hoc|iPhoneSimulator.ActiveCfg = Release|Any CPU
		{B1B4A9E5-9882-4593-B196-731C56659A61}.Ad-Hoc|iPhoneSimulator.Build.0 = Release|Any CPU
		{B1B4A9E5-9882-4593-B196-731C56659A61}.Ad-Hoc|iPhoneSimulator.Deploy.0 = Release|Any CPU
		{B1B4A9E5-9882-4593-B196-731C56659A61}.Ad-Hoc|x64.ActiveCfg = Release|Any CPU
		{B1B4A9E5-9882-4593-B196-731C56659A61}.Ad-Hoc|x64.Build.0 = Release|Any CPU
		{B1B4A9E5-9882-4593-B196-731C56659A61}.Ad-Hoc|x64.Deploy.0 = Release|Any CPU
		{B1B4A9E5-9882-4593-B196-731C56659A61}.Ad-Hoc|x86.ActiveCfg = Release|Any CPU
		{B1B4A9E5-9882-4593-B196-731C56659A61}.Ad-Hoc|x86.Build.0 = Release|Any CPU
		{B1B4A9E5-9882-4593-B196-731C56659A61}.Ad-Hoc|x86.Deploy.0 = Release|Any CPU
		{B1B4A9E5-9882-4593-B196-731C56659A61}.AppStore|Any CPU.ActiveCfg = Release|Any CPU
		{B1B4A9E5-9882-4593-B196-731C56659A61}.AppStore|Any CPU.Build.0 = Release|Any CPU
		{B1B4A9E5-9882-4593-B196-731C56659A61}.AppStore|Any CPU.Deploy.0 = Release|Any CPU
		{B1B4A9E5-9882-4593-B196-731C56659A61}.AppStore|ARM.ActiveCfg = Release|Any CPU
		{B1B4A9E5-9882-4593-B196-731C56659A61}.AppStore|ARM.Build.0 = Release|Any CPU
		{B1B4A9E5-9882-4593-B196-731C56659A61}.AppStore|ARM.Deploy.0 = Release|Any CPU
		{B1B4A9E5-9882-4593-B196-731C56659A61}.AppStore|iPhone.ActiveCfg = Release|Any CPU
		{B1B4A9E5-9882-4593-B196-731C56659A61}.AppStore|iPhone.Build.0 = Release|Any CPU
		{B1B4A9E5-9882-4593-B196-731C56659A61}.AppStore|iPhone.Deploy.0 = Release|Any CPU
		{B1B4A9E5-9882-4593-B196-731C56659A61}.AppStore|iPhoneSimulator.ActiveCfg = Release|Any CPU
		{B1B4A9E5-9882-4593-B196-731C56659A61}.AppStore|iPhoneSimulator.Build.0 = Release|Any CPU
		{B1B4A9E5-9882-4593-B196-731C56659A61}.AppStore|iPhoneSimulator.Deploy.0 = Release|Any CPU
		{B1B4A9E5-9882-4593-B196-731C56659A61}.AppStore|x64.ActiveCfg = Release|Any CPU
		{B1B4A9E5-9882-4593-B196-731C56659A61}.AppStore|x64.Build.0 = Release|Any CPU
		{B1B4A9E5-9882-4593-B196-731C56659A61}.AppStore|x64.Deploy.0 = Release|Any CPU
		{B1B4A9E5-9882-4593-B196-731C56659A61}.AppStore|x86.ActiveCfg = Release|Any CPU
		{B1B4A9E5-9882-4593-B196-731C56659A61}.AppStore|x86.Build.0 = Release|Any CPU
		{B1B4A9E5-9882-4593-B196-731C56659A61}.AppStore|x86.Deploy.0 = Release|Any CPU
		{B1B4A9E5-9882-4593-B196-731C56659A61}.Debug|Any CPU.ActiveCfg = Debug|Any CPU
		{B1B4A9E5-9882-4593-B196-731C56659A61}.Debug|Any CPU.Build.0 = Debug|Any CPU
		{B1B4A9E5-9882-4593-B196-731C56659A61}.Debug|Any CPU.Deploy.0 = Debug|Any CPU
		{B1B4A9E5-9882-4593-B196-731C56659A61}.Debug|ARM.ActiveCfg = Debug|Any CPU
		{B1B4A9E5-9882-4593-B196-731C56659A61}.Debug|ARM.Build.0 = Debug|Any CPU
		{B1B4A9E5-9882-4593-B196-731C56659A61}.Debug|ARM.Deploy.0 = Debug|Any CPU
		{B1B4A9E5-9882-4593-B196-731C56659A61}.Debug|iPhone.ActiveCfg = Debug|Any CPU
		{B1B4A9E5-9882-4593-B196-731C56659A61}.Debug|iPhone.Build.0 = Debug|Any CPU
		{B1B4A9E5-9882-4593-B196-731C56659A61}.Debug|iPhone.Deploy.0 = Debug|Any CPU
		{B1B4A9E5-9882-4593-B196-731C56659A61}.Debug|iPhoneSimulator.ActiveCfg = Debug|Any CPU
		{B1B4A9E5-9882-4593-B196-731C56659A61}.Debug|iPhoneSimulator.Build.0 = Debug|Any CPU
		{B1B4A9E5-9882-4593-B196-731C56659A61}.Debug|iPhoneSimulator.Deploy.0 = Debug|Any CPU
		{B1B4A9E5-9882-4593-B196-731C56659A61}.Debug|x64.ActiveCfg = Debug|Any CPU
		{B1B4A9E5-9882-4593-B196-731C56659A61}.Debug|x64.Build.0 = Debug|Any CPU
		{B1B4A9E5-9882-4593-B196-731C56659A61}.Debug|x64.Deploy.0 = Debug|Any CPU
		{B1B4A9E5-9882-4593-B196-731C56659A61}.Debug|x86.ActiveCfg = Debug|Any CPU
		{B1B4A9E5-9882-4593-B196-731C56659A61}.Debug|x86.Build.0 = Debug|Any CPU
		{B1B4A9E5-9882-4593-B196-731C56659A61}.Debug|x86.Deploy.0 = Debug|Any CPU
		{B1B4A9E5-9882-4593-B196-731C56659A61}.Release|Any CPU.ActiveCfg = Release|Any CPU
		{B1B4A9E5-9882-4593-B196-731C56659A61}.Release|Any CPU.Build.0 = Release|Any CPU
		{B1B4A9E5-9882-4593-B196-731C56659A61}.Release|Any CPU.Deploy.0 = Release|Any CPU
		{B1B4A9E5-9882-4593-B196-731C56659A61}.Release|ARM.ActiveCfg = Release|Any CPU
		{B1B4A9E5-9882-4593-B196-731C56659A61}.Release|ARM.Build.0 = Release|Any CPU
		{B1B4A9E5-9882-4593-B196-731C56659A61}.Release|ARM.Deploy.0 = Release|Any CPU
		{B1B4A9E5-9882-4593-B196-731C56659A61}.Release|iPhone.ActiveCfg = Release|Any CPU
		{B1B4A9E5-9882-4593-B196-731C56659A61}.Release|iPhone.Build.0 = Release|Any CPU
		{B1B4A9E5-9882-4593-B196-731C56659A61}.Release|iPhone.Deploy.0 = Release|Any CPU
		{B1B4A9E5-9882-4593-B196-731C56659A61}.Release|iPhoneSimulator.ActiveCfg = Release|Any CPU
		{B1B4A9E5-9882-4593-B196-731C56659A61}.Release|iPhoneSimulator.Build.0 = Release|Any CPU
		{B1B4A9E5-9882-4593-B196-731C56659A61}.Release|iPhoneSimulator.Deploy.0 = Release|Any CPU
		{B1B4A9E5-9882-4593-B196-731C56659A61}.Release|x64.ActiveCfg = Release|Any CPU
		{B1B4A9E5-9882-4593-B196-731C56659A61}.Release|x64.Build.0 = Release|Any CPU
		{B1B4A9E5-9882-4593-B196-731C56659A61}.Release|x64.Deploy.0 = Release|Any CPU
		{B1B4A9E5-9882-4593-B196-731C56659A61}.Release|x86.ActiveCfg = Release|Any CPU
		{B1B4A9E5-9882-4593-B196-731C56659A61}.Release|x86.Build.0 = Release|Any CPU
		{B1B4A9E5-9882-4593-B196-731C56659A61}.Release|x86.Deploy.0 = Release|Any CPU
		{E914EB4D-9ABA-43CF-81DE-0A74819CA9AE}.Ad-Hoc|Any CPU.ActiveCfg = Ad-Hoc|iPhone
		{E914EB4D-9ABA-43CF-81DE-0A74819CA9AE}.Ad-Hoc|ARM.ActiveCfg = Ad-Hoc|iPhone
		{E914EB4D-9ABA-43CF-81DE-0A74819CA9AE}.Ad-Hoc|iPhone.ActiveCfg = Ad-Hoc|iPhone
		{E914EB4D-9ABA-43CF-81DE-0A74819CA9AE}.Ad-Hoc|iPhone.Build.0 = Ad-Hoc|iPhone
		{E914EB4D-9ABA-43CF-81DE-0A74819CA9AE}.Ad-Hoc|iPhoneSimulator.ActiveCfg = Ad-Hoc|iPhoneSimulator
		{E914EB4D-9ABA-43CF-81DE-0A74819CA9AE}.Ad-Hoc|iPhoneSimulator.Build.0 = Ad-Hoc|iPhoneSimulator
		{E914EB4D-9ABA-43CF-81DE-0A74819CA9AE}.Ad-Hoc|x64.ActiveCfg = Ad-Hoc|iPhone
		{E914EB4D-9ABA-43CF-81DE-0A74819CA9AE}.Ad-Hoc|x86.ActiveCfg = Ad-Hoc|iPhone
		{E914EB4D-9ABA-43CF-81DE-0A74819CA9AE}.AppStore|Any CPU.ActiveCfg = AppStore|iPhone
		{E914EB4D-9ABA-43CF-81DE-0A74819CA9AE}.AppStore|ARM.ActiveCfg = AppStore|iPhone
		{E914EB4D-9ABA-43CF-81DE-0A74819CA9AE}.AppStore|iPhone.ActiveCfg = AppStore|iPhone
		{E914EB4D-9ABA-43CF-81DE-0A74819CA9AE}.AppStore|iPhone.Build.0 = AppStore|iPhone
		{E914EB4D-9ABA-43CF-81DE-0A74819CA9AE}.AppStore|iPhoneSimulator.ActiveCfg = AppStore|iPhoneSimulator
		{E914EB4D-9ABA-43CF-81DE-0A74819CA9AE}.AppStore|iPhoneSimulator.Build.0 = AppStore|iPhoneSimulator
		{E914EB4D-9ABA-43CF-81DE-0A74819CA9AE}.AppStore|x64.ActiveCfg = AppStore|iPhone
		{E914EB4D-9ABA-43CF-81DE-0A74819CA9AE}.AppStore|x86.ActiveCfg = AppStore|iPhone
		{E914EB4D-9ABA-43CF-81DE-0A74819CA9AE}.Debug|Any CPU.ActiveCfg = Debug|iPhone
		{E914EB4D-9ABA-43CF-81DE-0A74819CA9AE}.Debug|ARM.ActiveCfg = Debug|iPhone
		{E914EB4D-9ABA-43CF-81DE-0A74819CA9AE}.Debug|iPhone.ActiveCfg = Debug|iPhone
		{E914EB4D-9ABA-43CF-81DE-0A74819CA9AE}.Debug|iPhone.Build.0 = Debug|iPhone
		{E914EB4D-9ABA-43CF-81DE-0A74819CA9AE}.Debug|iPhoneSimulator.ActiveCfg = Debug|iPhoneSimulator
		{E914EB4D-9ABA-43CF-81DE-0A74819CA9AE}.Debug|iPhoneSimulator.Build.0 = Debug|iPhoneSimulator
		{E914EB4D-9ABA-43CF-81DE-0A74819CA9AE}.Debug|x64.ActiveCfg = Debug|iPhone
		{E914EB4D-9ABA-43CF-81DE-0A74819CA9AE}.Debug|x86.ActiveCfg = Debug|iPhone
		{E914EB4D-9ABA-43CF-81DE-0A74819CA9AE}.Release|Any CPU.ActiveCfg = Release|iPhone
		{E914EB4D-9ABA-43CF-81DE-0A74819CA9AE}.Release|ARM.ActiveCfg = Release|iPhone
		{E914EB4D-9ABA-43CF-81DE-0A74819CA9AE}.Release|iPhone.ActiveCfg = Release|iPhone
		{E914EB4D-9ABA-43CF-81DE-0A74819CA9AE}.Release|iPhone.Build.0 = Release|iPhone
		{E914EB4D-9ABA-43CF-81DE-0A74819CA9AE}.Release|iPhoneSimulator.ActiveCfg = Release|iPhoneSimulator
		{E914EB4D-9ABA-43CF-81DE-0A74819CA9AE}.Release|iPhoneSimulator.Build.0 = Release|iPhoneSimulator
		{E914EB4D-9ABA-43CF-81DE-0A74819CA9AE}.Release|x64.ActiveCfg = Release|iPhone
		{E914EB4D-9ABA-43CF-81DE-0A74819CA9AE}.Release|x86.ActiveCfg = Release|iPhone
		{8D84EE0B-9806-4999-A636-78F37787ABDB}.Ad-Hoc|Any CPU.ActiveCfg = Release|x86
		{8D84EE0B-9806-4999-A636-78F37787ABDB}.Ad-Hoc|Any CPU.Build.0 = Release|x86
		{8D84EE0B-9806-4999-A636-78F37787ABDB}.Ad-Hoc|Any CPU.Deploy.0 = Release|x86
		{8D84EE0B-9806-4999-A636-78F37787ABDB}.Ad-Hoc|ARM.ActiveCfg = Release|ARM
		{8D84EE0B-9806-4999-A636-78F37787ABDB}.Ad-Hoc|ARM.Build.0 = Release|ARM
		{8D84EE0B-9806-4999-A636-78F37787ABDB}.Ad-Hoc|ARM.Deploy.0 = Release|ARM
		{8D84EE0B-9806-4999-A636-78F37787ABDB}.Ad-Hoc|iPhone.ActiveCfg = Release|x86
		{8D84EE0B-9806-4999-A636-78F37787ABDB}.Ad-Hoc|iPhone.Build.0 = Release|x86
		{8D84EE0B-9806-4999-A636-78F37787ABDB}.Ad-Hoc|iPhone.Deploy.0 = Release|x86
		{8D84EE0B-9806-4999-A636-78F37787ABDB}.Ad-Hoc|iPhoneSimulator.ActiveCfg = Release|x86
		{8D84EE0B-9806-4999-A636-78F37787ABDB}.Ad-Hoc|iPhoneSimulator.Build.0 = Release|x86
		{8D84EE0B-9806-4999-A636-78F37787ABDB}.Ad-Hoc|iPhoneSimulator.Deploy.0 = Release|x86
		{8D84EE0B-9806-4999-A636-78F37787ABDB}.Ad-Hoc|x64.ActiveCfg = Release|x64
		{8D84EE0B-9806-4999-A636-78F37787ABDB}.Ad-Hoc|x64.Build.0 = Release|x64
		{8D84EE0B-9806-4999-A636-78F37787ABDB}.Ad-Hoc|x64.Deploy.0 = Release|x64
		{8D84EE0B-9806-4999-A636-78F37787ABDB}.Ad-Hoc|x86.ActiveCfg = Release|x86
		{8D84EE0B-9806-4999-A636-78F37787ABDB}.Ad-Hoc|x86.Build.0 = Release|x86
		{8D84EE0B-9806-4999-A636-78F37787ABDB}.Ad-Hoc|x86.Deploy.0 = Release|x86
		{8D84EE0B-9806-4999-A636-78F37787ABDB}.AppStore|Any CPU.ActiveCfg = Release|x86
		{8D84EE0B-9806-4999-A636-78F37787ABDB}.AppStore|Any CPU.Build.0 = Release|x86
		{8D84EE0B-9806-4999-A636-78F37787ABDB}.AppStore|Any CPU.Deploy.0 = Release|x86
		{8D84EE0B-9806-4999-A636-78F37787ABDB}.AppStore|ARM.ActiveCfg = Release|ARM
		{8D84EE0B-9806-4999-A636-78F37787ABDB}.AppStore|ARM.Build.0 = Release|ARM
		{8D84EE0B-9806-4999-A636-78F37787ABDB}.AppStore|ARM.Deploy.0 = Release|ARM
		{8D84EE0B-9806-4999-A636-78F37787ABDB}.AppStore|iPhone.ActiveCfg = Release|x86
		{8D84EE0B-9806-4999-A636-78F37787ABDB}.AppStore|iPhone.Build.0 = Release|x86
		{8D84EE0B-9806-4999-A636-78F37787ABDB}.AppStore|iPhone.Deploy.0 = Release|x86
		{8D84EE0B-9806-4999-A636-78F37787ABDB}.AppStore|iPhoneSimulator.ActiveCfg = Release|x86
		{8D84EE0B-9806-4999-A636-78F37787ABDB}.AppStore|iPhoneSimulator.Build.0 = Release|x86
		{8D84EE0B-9806-4999-A636-78F37787ABDB}.AppStore|iPhoneSimulator.Deploy.0 = Release|x86
		{8D84EE0B-9806-4999-A636-78F37787ABDB}.AppStore|x64.ActiveCfg = Release|x64
		{8D84EE0B-9806-4999-A636-78F37787ABDB}.AppStore|x64.Build.0 = Release|x64
		{8D84EE0B-9806-4999-A636-78F37787ABDB}.AppStore|x64.Deploy.0 = Release|x64
		{8D84EE0B-9806-4999-A636-78F37787ABDB}.AppStore|x86.ActiveCfg = Release|x86
		{8D84EE0B-9806-4999-A636-78F37787ABDB}.AppStore|x86.Build.0 = Release|x86
		{8D84EE0B-9806-4999-A636-78F37787ABDB}.AppStore|x86.Deploy.0 = Release|x86
		{8D84EE0B-9806-4999-A636-78F37787ABDB}.Debug|Any CPU.ActiveCfg = Debug|x86
		{8D84EE0B-9806-4999-A636-78F37787ABDB}.Debug|ARM.ActiveCfg = Debug|ARM
		{8D84EE0B-9806-4999-A636-78F37787ABDB}.Debug|ARM.Build.0 = Debug|ARM
		{8D84EE0B-9806-4999-A636-78F37787ABDB}.Debug|ARM.Deploy.0 = Debug|ARM
		{8D84EE0B-9806-4999-A636-78F37787ABDB}.Debug|iPhone.ActiveCfg = Debug|x86
		{8D84EE0B-9806-4999-A636-78F37787ABDB}.Debug|iPhoneSimulator.ActiveCfg = Debug|x86
		{8D84EE0B-9806-4999-A636-78F37787ABDB}.Debug|x64.ActiveCfg = Debug|x64
		{8D84EE0B-9806-4999-A636-78F37787ABDB}.Debug|x64.Build.0 = Debug|x64
		{8D84EE0B-9806-4999-A636-78F37787ABDB}.Debug|x64.Deploy.0 = Debug|x64
		{8D84EE0B-9806-4999-A636-78F37787ABDB}.Debug|x86.ActiveCfg = Debug|x86
		{8D84EE0B-9806-4999-A636-78F37787ABDB}.Debug|x86.Build.0 = Debug|x86
		{8D84EE0B-9806-4999-A636-78F37787ABDB}.Debug|x86.Deploy.0 = Debug|x86
		{8D84EE0B-9806-4999-A636-78F37787ABDB}.Release|Any CPU.ActiveCfg = Release|x86
		{8D84EE0B-9806-4999-A636-78F37787ABDB}.Release|ARM.ActiveCfg = Release|ARM
		{8D84EE0B-9806-4999-A636-78F37787ABDB}.Release|ARM.Build.0 = Release|ARM
		{8D84EE0B-9806-4999-A636-78F37787ABDB}.Release|ARM.Deploy.0 = Release|ARM
		{8D84EE0B-9806-4999-A636-78F37787ABDB}.Release|iPhone.ActiveCfg = Release|x86
		{8D84EE0B-9806-4999-A636-78F37787ABDB}.Release|iPhoneSimulator.ActiveCfg = Release|x86
		{8D84EE0B-9806-4999-A636-78F37787ABDB}.Release|x64.ActiveCfg = Release|x64
		{8D84EE0B-9806-4999-A636-78F37787ABDB}.Release|x64.Build.0 = Release|x64
		{8D84EE0B-9806-4999-A636-78F37787ABDB}.Release|x64.Deploy.0 = Release|x64
		{8D84EE0B-9806-4999-A636-78F37787ABDB}.Release|x86.ActiveCfg = Release|x86
		{8D84EE0B-9806-4999-A636-78F37787ABDB}.Release|x86.Build.0 = Release|x86
		{8D84EE0B-9806-4999-A636-78F37787ABDB}.Release|x86.Deploy.0 = Release|x86
	EndGlobalSection
	GlobalSection(SolutionProperties) = preSolution
		HideSolutionNode = FALSE
	EndGlobalSection
EndGlobal
